{
  "name": "Tha9afans",
  "lockfileVersion": 2,
  "requires": true,
  "packages": {
    "": {
      "dependencies": {
        "@fortawesome/fontawesome-free": "^6.4.0",
        "@fullcalendar/core": "^6.1.6",
        "@fullcalendar/daygrid": "^6.1.6"
      }
    },
    "node_modules/@fortawesome/fontawesome-free": {
      "version": "6.4.0",
      "resolved": "https://registry.npmjs.org/@fortawesome/fontawesome-free/-/fontawesome-free-6.4.0.tgz",
      "integrity": "sha512-0NyytTlPJwB/BF5LtRV8rrABDbe3TdTXqNB3PdZ+UUUZAEIrdOJdmABqKjt4AXwIoJNaRVVZEXxpNrqvE1GAYQ==",
      "hasInstallScript": true,
      "engines": {
        "node": ">=6"
      }
    },
    "node_modules/@fullcalendar/core": {
      "version": "6.1.6",
      "resolved": "https://registry.npmjs.org/@fullcalendar/core/-/core-6.1.6.tgz",
      "integrity": "sha512-Q/3pWgOv7qr/eVpuDz+05jxJZSg7Fdwh4XgQP8DlJFLp5aLlOiiKdkTUIO1BX7clQtYTm8P0v7FqMKbsFiQInw==",
      "dependencies": {
        "preact": "~10.12.1"
      }
    },
    "node_modules/@fullcalendar/daygrid": {
      "version": "6.1.6",
      "resolved": "https://registry.npmjs.org/@fullcalendar/daygrid/-/daygrid-6.1.6.tgz",
      "integrity": "sha512-HKxprePWXRyg1Shn7p0CWgggFZVwvs+Pg0Z9uSvx6a58wP1yTbOoJHhSVv5CDsfjnq1a0y6DsJbPP/V2LDl6bg==",
      "peerDependencies": {
        "@fullcalendar/core": "~6.1.6"
      }
    },
    "node_modules/preact": {
      "version": "10.12.1",
      "resolved": "https://registry.npmjs.org/preact/-/preact-10.12.1.tgz",
      "integrity": "sha512-l8386ixSsBdbreOAkqtrwqHwdvR35ID8c3rKPa8lCWuO86dBi32QWHV4vfsZK1utLLFMvw+Z5Ad4XLkZzchscg==",
      "funding": {
        "type": "opencollective",
        "url": "https://opencollective.com/preact"
      }
    }
  },
  "dependencies": {
    "@fortawesome/fontawesome-free": {
      "version": "6.4.0",
      "resolved": "https://registry.npmjs.org/@fortawesome/fontawesome-free/-/fontawesome-free-6.4.0.tgz",
      "integrity": "sha512-0NyytTlPJwB/BF5LtRV8rrABDbe3TdTXqNB3PdZ+UUUZAEIrdOJdmABqKjt4AXwIoJNaRVVZEXxpNrqvE1GAYQ=="
    },
    "@fullcalendar/core": {
      "version": "6.1.6",
      "resolved": "https://registry.npmjs.org/@fullcalendar/core/-/core-6.1.6.tgz",
      "integrity": "sha512-Q/3pWgOv7qr/eVpuDz+05jxJZSg7Fdwh4XgQP8DlJFLp5aLlOiiKdkTUIO1BX7clQtYTm8P0v7FqMKbsFiQInw==",
      "requires": {
        "preact": "~10.12.1"
      }
    },
    "@fullcalendar/daygrid": {
      "version": "6.1.6",
      "resolved": "https://registry.npmjs.org/@fullcalendar/daygrid/-/daygrid-6.1.6.tgz",
      "integrity": "sha512-HKxprePWXRyg1Shn7p0CWgggFZVwvs+Pg0Z9uSvx6a58wP1yTbOoJHhSVv5CDsfjnq1a0y6DsJbPP/V2LDl6bg==",
      "requires": {}
    },
    "preact": {
      "version": "10.12.1",
      "resolved": "https://registry.npmjs.org/preact/-/preact-10.12.1.tgz",
      "integrity": "sha512-l8386ixSsBdbreOAkqtrwqHwdvR35ID8c3rKPa8lCWuO86dBi32QWHV4vfsZK1utLLFMvw+Z5Ad4XLkZzchscg=="
    }
  }
}
